{
  "name": "vue-demo",
  "version": "1.0.0",
  "lockfileVersion": 1,
  "dependencies": {
    "async": {
      "version": "2.5.0",
      "resolved": "http://registry.npm.taobao.org/async/download/async-2.5.0.tgz",
      "integrity": "sha1-hDGQ/WtzV6C54clW7d3V7IRitU0="
    },
    "bootstrap": {
      "version": "3.3.7",
      "resolved": "http://registry.npm.taobao.org/bootstrap/download/bootstrap-3.3.7.tgz",
      "integrity": "sha1-WjiTlFSfIzMIdaOxUGVldPip63E="
    },
    "duplexer": {
      "version": "0.1.1",
      "resolved": "http://registry.npm.taobao.org/duplexer/download/duplexer-0.1.1.tgz",
      "integrity": "sha1-rOb/gIwc5mtX0ev5eXessCM0z8E="
    },
    "event-stream": {
      "version": "3.3.4",
      "resolved": "http://registry.npm.taobao.org/event-stream/download/event-stream-3.3.4.tgz",
      "integrity": "sha1-SrTJoPWlTbkzi0w02Gv86PSzVXE="
    },
    "from": {
      "version": "0.1.7",
      "resolved": "http://registry.npm.taobao.org/from/download/from-0.1.7.tgz",
      "integrity": "sha1-g8YK/Fi5xWmXAH7Rp2izqzA6RP4="
    },
    "lodash": {
      "version": "4.17.4",
      "resolved": "http://registry.npm.taobao.org/lodash/download/lodash-4.17.4.tgz",
      "integrity": "sha1-eCA6TRwyiuHYbcpkYONptX9AVa4="
    },
    "lodash.assign": {
      "version": "4.2.0",
      "resolved": "http://registry.npm.taobao.org/lodash.assign/download/lodash.assign-4.2.0.tgz",
      "integrity": "sha1-DZnzzNem0mHRm9rrkkUAXShYCOc="
    },
    "map-stream": {
      "version": "0.1.0",
      "resolved": "http://registry.npm.taobao.org/map-stream/download/map-stream-0.1.0.tgz",
      "integrity": "sha1-5WqpTEyAVaFkBKBnS3jyFffI4ZQ="
    },
    "mingo": {
      "version": "1.1.2",
      "resolved": "http://registry.npm.taobao.org/mingo/download/mingo-1.1.2.tgz",
      "integrity": "sha1-c3FrByeoAKaZR2LhcX3dGa/Y6LU="
    },
    "pause-stream": {
      "version": "0.0.11",
      "resolved": "http://registry.npm.taobao.org/pause-stream/download/pause-stream-0.0.11.tgz",
      "integrity": "sha1-/lo0sMvOErWqaitAPuLnO2AvFEU="
    },
    "save": {
      "version": "2.3.1",
      "resolved": "http://registry.npm.taobao.org/save/download/save-2.3.1.tgz",
      "integrity": "sha1-a6rL8OZOJs7n95K6bUeYjs1Whnk="
    },
    "split": {
      "version": "0.3.3",
      "resolved": "http://registry.npm.taobao.org/split/download/split-0.3.3.tgz",
      "integrity": "sha1-zQ7qXmOiEd//frDwkcQTPi0N0o8="
    },
    "stream-combiner": {
      "version": "0.0.4",
      "resolved": "http://registry.npm.taobao.org/stream-combiner/download/stream-combiner-0.0.4.tgz",
      "integrity": "sha1-TV5DPBhSYd3mI8o/RMWGvPXErRQ="
    },
    "through": {
      "version": "2.3.8",
      "resolved": "http://registry.npm.taobao.org/through/download/through-2.3.8.tgz",
      "integrity": "sha1-DdTJ/6q8NXlgsbckEV1+Doai4fU="
    },
    "vue": {
      "version": "2.3.4",
      "resolved": "http://registry.npm.taobao.org/vue/download/vue-2.3.4.tgz",
      "integrity": "sha1-XsO4ehkdqAkLvvVrfPq9QVgDgXE="
    }
  }
}
